
Microsoft Visual Studio Solution File, Format Version 12.00
# Visual Studio Version 16
VisualStudioVersion = 16.0.29209.62
MinimumVisualStudioVersion = 10.0.40219.1
Project("{9A19103F-16F7-4668-BE54-9A1E7A4F7556}") = "Snail.Permission", "Permission\Snail.Permission.csproj", "{E9F3A25E-C359-4DAF-BFF4-5F1E735DAD4F}"
EndProject
Project("{2150E333-8FDC-42A3-9474-1A3956D46DE8}") = "Test", "Test", "{87806174-3460-4457-99C1-963A3D795497}"
EndProject
Project("{9A19103F-16F7-4668-BE54-9A1E7A4F7556}") = "Snail.Permission.Test", "Snail.Permission.Test\Snail.Permission.Test.csproj", "{BF83E16A-8A46-4159-B1F5-A3C396679A96}"
EndProject
Project("{9A19103F-16F7-4668-BE54-9A1E7A4F7556}") = "Snail.Common", "Snail.Common\Snail.Common.csproj", "{ADCB6CCE-BAB8-4058-B445-F0E22C7D907E}"
EndProject
Project("{9A19103F-16F7-4668-BE54-9A1E7A4F7556}") = "Snail.Core", "Snail.Core\Snail.Core.csproj", "{C7AD9E1B-443B-4FE6-9F97-C7A35CCD4E06}"
EndProject
Project("{9A19103F-16F7-4668-BE54-9A1E7A4F7556}") = "Snail.DAL", "Snail.DAL\Snail.DAL.csproj", "{724FE0A8-48B1-4CD7-AB36-5B17FB6C3826}"
EndProject
Project("{9A19103F-16F7-4668-BE54-9A1E7A4F7556}") = "Snail.FileStore", "Snail.FileStore\Snail.FileStore.csproj", "{41E4A182-E853-42E3-9767-B7393E0C7927}"
EndProject
Project("{9A19103F-16F7-4668-BE54-9A1E7A4F7556}") = "Snail.Office", "Snail.Office\Snail.Office.csproj", "{1BB49260-F557-462A-9DD8-DD903FCB7261}"
EndProject
Project("{9A19103F-16F7-4668-BE54-9A1E7A4F7556}") = "Snail.Common.Test", "Snail.Common.Test\Snail.Common.Test.csproj", "{4CD36342-037A-46E1-BC4E-CE42D06ECFBB}"
EndProject
Project("{9A19103F-16F7-4668-BE54-9A1E7A4F7556}") = "Snail.Core.Default", "Snail.Core.Default\Snail.Core.Default.csproj", "{57E2967D-9E19-42D8-A4AE-B9FC3C1C7C35}"
EndProject
Project("{2150E333-8FDC-42A3-9474-1A3956D46DE8}") = "Solution Items", "Solution Items", "{C4F9C34E-5913-4A67-9011-34630BDE3978}"
	ProjectSection(SolutionItems) = preProject
		updatePackage.bat = updatePackage.bat
	EndProjectSection
EndProject
Project("{9A19103F-16F7-4668-BE54-9A1E7A4F7556}") = "Snail.Speech", "Snail.Speech\Snail.Speech.csproj", "{4A225598-0AEE-4E8E-8163-1A7D2486A72D}"
EndProject
Project("{9A19103F-16F7-4668-BE54-9A1E7A4F7556}") = "Snail.Pay", "Snail.Pay\Snail.Pay.csproj", "{9A99C974-80A2-449C-B022-137EE1BB5254}"
EndProject
Project("{9A19103F-16F7-4668-BE54-9A1E7A4F7556}") = "Snail.RS", "Snail.RS\Snail.RS.csproj", "{9A1FAABC-7109-433D-A4BA-AAC711735DE0}"
EndProject
Project("{9A19103F-16F7-4668-BE54-9A1E7A4F7556}") = "Snail.Cache", "Snail.Cache\Snail.Cache.csproj", "{F2DC0E18-2750-45CE-9052-19219EF8D62A}"
EndProject
Project("{9A19103F-16F7-4668-BE54-9A1E7A4F7556}") = "Snail.Face", "Snail.Face\Snail.Face.csproj", "{813736F4-22A3-492A-85AD-DCF4904B298D}"
EndProject
Project("{9A19103F-16F7-4668-BE54-9A1E7A4F7556}") = "Snail.Face.Test", "Snail.Face.Test\Snail.Face.Test.csproj", "{F11036FC-A4B8-40D5-A09E-4DBC849C59CE}"
EndProject
Project("{9A19103F-16F7-4668-BE54-9A1E7A4F7556}") = "XUnitTestProject1", "XUnitTestProject1\XUnitTestProject1.csproj", "{B14A6FF5-D252-400B-A970-96597BBB16A9}"
EndProject
Project("{FAE04EC0-301F-11D3-BF4B-00C04F79EFBC}") = "Snail.WeiXin", "Snail.WeiXin\Snail.WeiXin.csproj", "{1DD2A8AE-AB62-4308-B8AC-D7958147F3FB}"
EndProject
Global
	GlobalSection(SolutionConfigurationPlatforms) = preSolution
		Debug|Any CPU = Debug|Any CPU
		Debug|x64 = Debug|x64
		Debug|x86 = Debug|x86
		Release|Any CPU = Release|Any CPU
		Release|x64 = Release|x64
		Release|x86 = Release|x86
	EndGlobalSection
	GlobalSection(ProjectConfigurationPlatforms) = postSolution
		{E9F3A25E-C359-4DAF-BFF4-5F1E735DAD4F}.Debug|Any CPU.ActiveCfg = Debug|Any CPU
		{E9F3A25E-C359-4DAF-BFF4-5F1E735DAD4F}.Debug|Any CPU.Build.0 = Debug|Any CPU
		{E9F3A25E-C359-4DAF-BFF4-5F1E735DAD4F}.Debug|x64.ActiveCfg = Debug|Any CPU
		{E9F3A25E-C359-4DAF-BFF4-5F1E735DAD4F}.Debug|x64.Build.0 = Debug|Any CPU
		{E9F3A25E-C359-4DAF-BFF4-5F1E735DAD4F}.Debug|x86.ActiveCfg = Debug|Any CPU
		{E9F3A25E-C359-4DAF-BFF4-5F1E735DAD4F}.Debug|x86.Build.0 = Debug|Any CPU
		{E9F3A25E-C359-4DAF-BFF4-5F1E735DAD4F}.Release|Any CPU.ActiveCfg = Release|Any CPU
		{E9F3A25E-C359-4DAF-BFF4-5F1E735DAD4F}.Release|Any CPU.Build.0 = Release|Any CPU
		{E9F3A25E-C359-4DAF-BFF4-5F1E735DAD4F}.Release|x64.ActiveCfg = Release|Any CPU
		{E9F3A25E-C359-4DAF-BFF4-5F1E735DAD4F}.Release|x64.Build.0 = Release|Any CPU
		{E9F3A25E-C359-4DAF-BFF4-5F1E735DAD4F}.Release|x86.ActiveCfg = Release|Any CPU
		{E9F3A25E-C359-4DAF-BFF4-5F1E735DAD4F}.Release|x86.Build.0 = Release|Any CPU
		{BF83E16A-8A46-4159-B1F5-A3C396679A96}.Debug|Any CPU.ActiveCfg = Debug|Any CPU
		{BF83E16A-8A46-4159-B1F5-A3C396679A96}.Debug|Any CPU.Build.0 = Debug|Any CPU
		{BF83E16A-8A46-4159-B1F5-A3C396679A96}.Debug|x64.ActiveCfg = Debug|Any CPU
		{BF83E16A-8A46-4159-B1F5-A3C396679A96}.Debug|x64.Build.0 = Debug|Any CPU
		{BF83E16A-8A46-4159-B1F5-A3C396679A96}.Debug|x86.ActiveCfg = Debug|Any CPU
		{BF83E16A-8A46-4159-B1F5-A3C396679A96}.Debug|x86.Build.0 = Debug|Any CPU
		{BF83E16A-8A46-4159-B1F5-A3C396679A96}.Release|Any CPU.ActiveCfg = Release|Any CPU
		{BF83E16A-8A46-4159-B1F5-A3C396679A96}.Release|Any CPU.Build.0 = Release|Any CPU
		{BF83E16A-8A46-4159-B1F5-A3C396679A96}.Release|x64.ActiveCfg = Release|Any CPU
		{BF83E16A-8A46-4159-B1F5-A3C396679A96}.Release|x64.Build.0 = Release|Any CPU
		{BF83E16A-8A46-4159-B1F5-A3C396679A96}.Release|x86.ActiveCfg = Release|Any CPU
		{BF83E16A-8A46-4159-B1F5-A3C396679A96}.Release|x86.Build.0 = Release|Any CPU
		{ADCB6CCE-BAB8-4058-B445-F0E22C7D907E}.Debug|Any CPU.ActiveCfg = Debug|Any CPU
		{ADCB6CCE-BAB8-4058-B445-F0E22C7D907E}.Debug|Any CPU.Build.0 = Debug|Any CPU
		{ADCB6CCE-BAB8-4058-B445-F0E22C7D907E}.Debug|x64.ActiveCfg = Debug|Any CPU
		{ADCB6CCE-BAB8-4058-B445-F0E22C7D907E}.Debug|x64.Build.0 = Debug|Any CPU
		{ADCB6CCE-BAB8-4058-B445-F0E22C7D907E}.Debug|x86.ActiveCfg = Debug|Any CPU
		{ADCB6CCE-BAB8-4058-B445-F0E22C7D907E}.Debug|x86.Build.0 = Debug|Any CPU
		{ADCB6CCE-BAB8-4058-B445-F0E22C7D907E}.Release|Any CPU.ActiveCfg = Release|Any CPU
		{ADCB6CCE-BAB8-4058-B445-F0E22C7D907E}.Release|Any CPU.Build.0 = Release|Any CPU
		{ADCB6CCE-BAB8-4058-B445-F0E22C7D907E}.Release|x64.ActiveCfg = Release|Any CPU
		{ADCB6CCE-BAB8-4058-B445-F0E22C7D907E}.Release|x64.Build.0 = Release|Any CPU
		{ADCB6CCE-BAB8-4058-B445-F0E22C7D907E}.Release|x86.ActiveCfg = Release|Any CPU
		{ADCB6CCE-BAB8-4058-B445-F0E22C7D907E}.Release|x86.Build.0 = Release|Any CPU
		{C7AD9E1B-443B-4FE6-9F97-C7A35CCD4E06}.Debug|Any CPU.ActiveCfg = Debug|Any CPU
		{C7AD9E1B-443B-4FE6-9F97-C7A35CCD4E06}.Debug|Any CPU.Build.0 = Debug|Any CPU
		{C7AD9E1B-443B-4FE6-9F97-C7A35CCD4E06}.Debug|x64.ActiveCfg = Debug|Any CPU
		{C7AD9E1B-443B-4FE6-9F97-C7A35CCD4E06}.Debug|x64.Build.0 = Debug|Any CPU
		{C7AD9E1B-443B-4FE6-9F97-C7A35CCD4E06}.Debug|x86.ActiveCfg = Debug|Any CPU
		{C7AD9E1B-443B-4FE6-9F97-C7A35CCD4E06}.Debug|x86.Build.0 = Debug|Any CPU
		{C7AD9E1B-443B-4FE6-9F97-C7A35CCD4E06}.Release|Any CPU.ActiveCfg = Release|Any CPU
		{C7AD9E1B-443B-4FE6-9F97-C7A35CCD4E06}.Release|Any CPU.Build.0 = Release|Any CPU
		{C7AD9E1B-443B-4FE6-9F97-C7A35CCD4E06}.Release|x64.ActiveCfg = Release|Any CPU
		{C7AD9E1B-443B-4FE6-9F97-C7A35CCD4E06}.Release|x64.Build.0 = Release|Any CPU
		{C7AD9E1B-443B-4FE6-9F97-C7A35CCD4E06}.Release|x86.ActiveCfg = Release|Any CPU
		{C7AD9E1B-443B-4FE6-9F97-C7A35CCD4E06}.Release|x86.Build.0 = Release|Any CPU
		{724FE0A8-48B1-4CD7-AB36-5B17FB6C3826}.Debug|Any CPU.ActiveCfg = Debug|Any CPU
		{724FE0A8-48B1-4CD7-AB36-5B17FB6C3826}.Debug|Any CPU.Build.0 = Debug|Any CPU
		{724FE0A8-48B1-4CD7-AB36-5B17FB6C3826}.Debug|x64.ActiveCfg = Debug|Any CPU
		{724FE0A8-48B1-4CD7-AB36-5B17FB6C3826}.Debug|x64.Build.0 = Debug|Any CPU
		{724FE0A8-48B1-4CD7-AB36-5B17FB6C3826}.Debug|x86.ActiveCfg = Debug|Any CPU
		{724FE0A8-48B1-4CD7-AB36-5B17FB6C3826}.Debug|x86.Build.0 = Debug|Any CPU
		{724FE0A8-48B1-4CD7-AB36-5B17FB6C3826}.Release|Any CPU.ActiveCfg = Release|Any CPU
		{724FE0A8-48B1-4CD7-AB36-5B17FB6C3826}.Release|Any CPU.Build.0 = Release|Any CPU
		{724FE0A8-48B1-4CD7-AB36-5B17FB6C3826}.Release|x64.ActiveCfg = Release|Any CPU
		{724FE0A8-48B1-4CD7-AB36-5B17FB6C3826}.Release|x64.Build.0 = Release|Any CPU
		{724FE0A8-48B1-4CD7-AB36-5B17FB6C3826}.Release|x86.ActiveCfg = Release|Any CPU
		{724FE0A8-48B1-4CD7-AB36-5B17FB6C3826}.Release|x86.Build.0 = Release|Any CPU
		{41E4A182-E853-42E3-9767-B7393E0C7927}.Debug|Any CPU.ActiveCfg = Debug|Any CPU
		{41E4A182-E853-42E3-9767-B7393E0C7927}.Debug|Any CPU.Build.0 = Debug|Any CPU
		{41E4A182-E853-42E3-9767-B7393E0C7927}.Debug|x64.ActiveCfg = Debug|Any CPU
		{41E4A182-E853-42E3-9767-B7393E0C7927}.Debug|x64.Build.0 = Debug|Any CPU
		{41E4A182-E853-42E3-9767-B7393E0C7927}.Debug|x86.ActiveCfg = Debug|Any CPU
		{41E4A182-E853-42E3-9767-B7393E0C7927}.Debug|x86.Build.0 = Debug|Any CPU
		{41E4A182-E853-42E3-9767-B7393E0C7927}.Release|Any CPU.ActiveCfg = Release|Any CPU
		{41E4A182-E853-42E3-9767-B7393E0C7927}.Release|Any CPU.Build.0 = Release|Any CPU
		{41E4A182-E853-42E3-9767-B7393E0C7927}.Release|x64.ActiveCfg = Release|Any CPU
		{41E4A182-E853-42E3-9767-B7393E0C7927}.Release|x64.Build.0 = Release|Any CPU
		{41E4A182-E853-42E3-9767-B7393E0C7927}.Release|x86.ActiveCfg = Release|Any CPU
		{41E4A182-E853-42E3-9767-B7393E0C7927}.Release|x86.Build.0 = Release|Any CPU
		{1BB49260-F557-462A-9DD8-DD903FCB7261}.Debug|Any CPU.ActiveCfg = Debug|Any CPU
		{1BB49260-F557-462A-9DD8-DD903FCB7261}.Debug|Any CPU.Build.0 = Debug|Any CPU
		{1BB49260-F557-462A-9DD8-DD903FCB7261}.Debug|x64.ActiveCfg = Debug|Any CPU
		{1BB49260-F557-462A-9DD8-DD903FCB7261}.Debug|x64.Build.0 = Debug|Any CPU
		{1BB49260-F557-462A-9DD8-DD903FCB7261}.Debug|x86.ActiveCfg = Debug|Any CPU
		{1BB49260-F557-462A-9DD8-DD903FCB7261}.Debug|x86.Build.0 = Debug|Any CPU
		{1BB49260-F557-462A-9DD8-DD903FCB7261}.Release|Any CPU.ActiveCfg = Release|Any CPU
		{1BB49260-F557-462A-9DD8-DD903FCB7261}.Release|Any CPU.Build.0 = Release|Any CPU
		{1BB49260-F557-462A-9DD8-DD903FCB7261}.Release|x64.ActiveCfg = Release|Any CPU
		{1BB49260-F557-462A-9DD8-DD903FCB7261}.Release|x64.Build.0 = Release|Any CPU
		{1BB49260-F557-462A-9DD8-DD903FCB7261}.Release|x86.ActiveCfg = Release|Any CPU
		{1BB49260-F557-462A-9DD8-DD903FCB7261}.Release|x86.Build.0 = Release|Any CPU
		{4CD36342-037A-46E1-BC4E-CE42D06ECFBB}.Debug|Any CPU.ActiveCfg = Debug|Any CPU
		{4CD36342-037A-46E1-BC4E-CE42D06ECFBB}.Debug|Any CPU.Build.0 = Debug|Any CPU
		{4CD36342-037A-46E1-BC4E-CE42D06ECFBB}.Debug|x64.ActiveCfg = Debug|Any CPU
		{4CD36342-037A-46E1-BC4E-CE42D06ECFBB}.Debug|x64.Build.0 = Debug|Any CPU
		{4CD36342-037A-46E1-BC4E-CE42D06ECFBB}.Debug|x86.ActiveCfg = Debug|Any CPU
		{4CD36342-037A-46E1-BC4E-CE42D06ECFBB}.Debug|x86.Build.0 = Debug|Any CPU
		{4CD36342-037A-46E1-BC4E-CE42D06ECFBB}.Release|Any CPU.ActiveCfg = Release|Any CPU
		{4CD36342-037A-46E1-BC4E-CE42D06ECFBB}.Release|Any CPU.Build.0 = Release|Any CPU
		{4CD36342-037A-46E1-BC4E-CE42D06ECFBB}.Release|x64.ActiveCfg = Release|Any CPU
		{4CD36342-037A-46E1-BC4E-CE42D06ECFBB}.Release|x64.Build.0 = Release|Any CPU
		{4CD36342-037A-46E1-BC4E-CE42D06ECFBB}.Release|x86.ActiveCfg = Release|Any CPU
		{4CD36342-037A-46E1-BC4E-CE42D06ECFBB}.Release|x86.Build.0 = Release|Any CPU
		{57E2967D-9E19-42D8-A4AE-B9FC3C1C7C35}.Debug|Any CPU.ActiveCfg = Debug|Any CPU
		{57E2967D-9E19-42D8-A4AE-B9FC3C1C7C35}.Debug|Any CPU.Build.0 = Debug|Any CPU
		{57E2967D-9E19-42D8-A4AE-B9FC3C1C7C35}.Debug|x64.ActiveCfg = Debug|Any CPU
		{57E2967D-9E19-42D8-A4AE-B9FC3C1C7C35}.Debug|x64.Build.0 = Debug|Any CPU
		{57E2967D-9E19-42D8-A4AE-B9FC3C1C7C35}.Debug|x86.ActiveCfg = Debug|Any CPU
		{57E2967D-9E19-42D8-A4AE-B9FC3C1C7C35}.Debug|x86.Build.0 = Debug|Any CPU
		{57E2967D-9E19-42D8-A4AE-B9FC3C1C7C35}.Release|Any CPU.ActiveCfg = Release|Any CPU
		{57E2967D-9E19-42D8-A4AE-B9FC3C1C7C35}.Release|Any CPU.Build.0 = Release|Any CPU
		{57E2967D-9E19-42D8-A4AE-B9FC3C1C7C35}.Release|x64.ActiveCfg = Release|Any CPU
		{57E2967D-9E19-42D8-A4AE-B9FC3C1C7C35}.Release|x64.Build.0 = Release|Any CPU
		{57E2967D-9E19-42D8-A4AE-B9FC3C1C7C35}.Release|x86.ActiveCfg = Release|Any CPU
		{57E2967D-9E19-42D8-A4AE-B9FC3C1C7C35}.Release|x86.Build.0 = Release|Any CPU
		{4A225598-0AEE-4E8E-8163-1A7D2486A72D}.Debug|Any CPU.ActiveCfg = Debug|Any CPU
		{4A225598-0AEE-4E8E-8163-1A7D2486A72D}.Debug|Any CPU.Build.0 = Debug|Any CPU
		{4A225598-0AEE-4E8E-8163-1A7D2486A72D}.Debug|x64.ActiveCfg = Debug|Any CPU
		{4A225598-0AEE-4E8E-8163-1A7D2486A72D}.Debug|x64.Build.0 = Debug|Any CPU
		{4A225598-0AEE-4E8E-8163-1A7D2486A72D}.Debug|x86.ActiveCfg = Debug|x86
		{4A225598-0AEE-4E8E-8163-1A7D2486A72D}.Debug|x86.Build.0 = Debug|x86
		{4A225598-0AEE-4E8E-8163-1A7D2486A72D}.Release|Any CPU.ActiveCfg = Release|Any CPU
		{4A225598-0AEE-4E8E-8163-1A7D2486A72D}.Release|Any CPU.Build.0 = Release|Any CPU
		{4A225598-0AEE-4E8E-8163-1A7D2486A72D}.Release|x64.ActiveCfg = Release|Any CPU
		{4A225598-0AEE-4E8E-8163-1A7D2486A72D}.Release|x64.Build.0 = Release|Any CPU
		{4A225598-0AEE-4E8E-8163-1A7D2486A72D}.Release|x86.ActiveCfg = Release|x86
		{4A225598-0AEE-4E8E-8163-1A7D2486A72D}.Release|x86.Build.0 = Release|x86
		{9A99C974-80A2-449C-B022-137EE1BB5254}.Debug|Any CPU.ActiveCfg = Debug|Any CPU
		{9A99C974-80A2-449C-B022-137EE1BB5254}.Debug|Any CPU.Build.0 = Debug|Any CPU
		{9A99C974-80A2-449C-B022-137EE1BB5254}.Debug|x64.ActiveCfg = Debug|Any CPU
		{9A99C974-80A2-449C-B022-137EE1BB5254}.Debug|x64.Build.0 = Debug|Any CPU
		{9A99C974-80A2-449C-B022-137EE1BB5254}.Debug|x86.ActiveCfg = Debug|Any CPU
		{9A99C974-80A2-449C-B022-137EE1BB5254}.Debug|x86.Build.0 = Debug|Any CPU
		{9A99C974-80A2-449C-B022-137EE1BB5254}.Release|Any CPU.ActiveCfg = Release|Any CPU
		{9A99C974-80A2-449C-B022-137EE1BB5254}.Release|Any CPU.Build.0 = Release|Any CPU
		{9A99C974-80A2-449C-B022-137EE1BB5254}.Release|x64.ActiveCfg = Release|Any CPU
		{9A99C974-80A2-449C-B022-137EE1BB5254}.Release|x64.Build.0 = Release|Any CPU
		{9A99C974-80A2-449C-B022-137EE1BB5254}.Release|x86.ActiveCfg = Release|Any CPU
		{9A99C974-80A2-449C-B022-137EE1BB5254}.Release|x86.Build.0 = Release|Any CPU
		{9A1FAABC-7109-433D-A4BA-AAC711735DE0}.Debug|Any CPU.ActiveCfg = Debug|Any CPU
		{9A1FAABC-7109-433D-A4BA-AAC711735DE0}.Debug|Any CPU.Build.0 = Debug|Any CPU
		{9A1FAABC-7109-433D-A4BA-AAC711735DE0}.Debug|x64.ActiveCfg = Debug|Any CPU
		{9A1FAABC-7109-433D-A4BA-AAC711735DE0}.Debug|x64.Build.0 = Debug|Any CPU
		{9A1FAABC-7109-433D-A4BA-AAC711735DE0}.Debug|x86.ActiveCfg = Debug|Any CPU
		{9A1FAABC-7109-433D-A4BA-AAC711735DE0}.Debug|x86.Build.0 = Debug|Any CPU
		{9A1FAABC-7109-433D-A4BA-AAC711735DE0}.Release|Any CPU.ActiveCfg = Release|Any CPU
		{9A1FAABC-7109-433D-A4BA-AAC711735DE0}.Release|Any CPU.Build.0 = Release|Any CPU
		{9A1FAABC-7109-433D-A4BA-AAC711735DE0}.Release|x64.ActiveCfg = Release|Any CPU
		{9A1FAABC-7109-433D-A4BA-AAC711735DE0}.Release|x64.Build.0 = Release|Any CPU
		{9A1FAABC-7109-433D-A4BA-AAC711735DE0}.Release|x86.ActiveCfg = Release|Any CPU
		{9A1FAABC-7109-433D-A4BA-AAC711735DE0}.Release|x86.Build.0 = Release|Any CPU
		{F2DC0E18-2750-45CE-9052-19219EF8D62A}.Debug|Any CPU.ActiveCfg = Debug|Any CPU
		{F2DC0E18-2750-45CE-9052-19219EF8D62A}.Debug|Any CPU.Build.0 = Debug|Any CPU
		{F2DC0E18-2750-45CE-9052-19219EF8D62A}.Debug|x64.ActiveCfg = Debug|Any CPU
		{F2DC0E18-2750-45CE-9052-19219EF8D62A}.Debug|x64.Build.0 = Debug|Any CPU
		{F2DC0E18-2750-45CE-9052-19219EF8D62A}.Debug|x86.ActiveCfg = Debug|Any CPU
		{F2DC0E18-2750-45CE-9052-19219EF8D62A}.Debug|x86.Build.0 = Debug|Any CPU
		{F2DC0E18-2750-45CE-9052-19219EF8D62A}.Release|Any CPU.ActiveCfg = Release|Any CPU
		{F2DC0E18-2750-45CE-9052-19219EF8D62A}.Release|Any CPU.Build.0 = Release|Any CPU
		{F2DC0E18-2750-45CE-9052-19219EF8D62A}.Release|x64.ActiveCfg = Release|Any CPU
		{F2DC0E18-2750-45CE-9052-19219EF8D62A}.Release|x64.Build.0 = Release|Any CPU
		{F2DC0E18-2750-45CE-9052-19219EF8D62A}.Release|x86.ActiveCfg = Release|Any CPU
		{F2DC0E18-2750-45CE-9052-19219EF8D62A}.Release|x86.Build.0 = Release|Any CPU
		{813736F4-22A3-492A-85AD-DCF4904B298D}.Debug|Any CPU.ActiveCfg = Debug|x86
		{813736F4-22A3-492A-85AD-DCF4904B298D}.Debug|x64.ActiveCfg = Debug|x64
		{813736F4-22A3-492A-85AD-DCF4904B298D}.Debug|x64.Build.0 = Debug|x64
		{813736F4-22A3-492A-85AD-DCF4904B298D}.Debug|x86.ActiveCfg = Debug|x86
		{813736F4-22A3-492A-85AD-DCF4904B298D}.Debug|x86.Build.0 = Debug|x86
		{813736F4-22A3-492A-85AD-DCF4904B298D}.Release|Any CPU.ActiveCfg = Release|x86
		{813736F4-22A3-492A-85AD-DCF4904B298D}.Release|x64.ActiveCfg = Release|x64
		{813736F4-22A3-492A-85AD-DCF4904B298D}.Release|x64.Build.0 = Release|x64
		{813736F4-22A3-492A-85AD-DCF4904B298D}.Release|x86.ActiveCfg = Release|x86
		{813736F4-22A3-492A-85AD-DCF4904B298D}.Release|x86.Build.0 = Release|x86
		{F11036FC-A4B8-40D5-A09E-4DBC849C59CE}.Debug|Any CPU.ActiveCfg = Debug|Any CPU
		{F11036FC-A4B8-40D5-A09E-4DBC849C59CE}.Debug|Any CPU.Build.0 = Debug|Any CPU
		{F11036FC-A4B8-40D5-A09E-4DBC849C59CE}.Debug|x64.ActiveCfg = Debug|Any CPU
		{F11036FC-A4B8-40D5-A09E-4DBC849C59CE}.Debug|x64.Build.0 = Debug|Any CPU
		{F11036FC-A4B8-40D5-A09E-4DBC849C59CE}.Debug|x86.ActiveCfg = Debug|Any CPU
		{F11036FC-A4B8-40D5-A09E-4DBC849C59CE}.Debug|x86.Build.0 = Debug|Any CPU
		{F11036FC-A4B8-40D5-A09E-4DBC849C59CE}.Release|Any CPU.ActiveCfg = Release|Any CPU
		{F11036FC-A4B8-40D5-A09E-4DBC849C59CE}.Release|Any CPU.Build.0 = Release|Any CPU
		{F11036FC-A4B8-40D5-A09E-4DBC849C59CE}.Release|x64.ActiveCfg = Release|Any CPU
		{F11036FC-A4B8-40D5-A09E-4DBC849C59CE}.Release|x64.Build.0 = Release|Any CPU
		{F11036FC-A4B8-40D5-A09E-4DBC849C59CE}.Release|x86.ActiveCfg = Release|Any CPU
		{F11036FC-A4B8-40D5-A09E-4DBC849C59CE}.Release|x86.Build.0 = Release|Any CPU
		{B14A6FF5-D252-400B-A970-96597BBB16A9}.Debug|Any CPU.ActiveCfg = Debug|x64
		{B14A6FF5-D252-400B-A970-96597BBB16A9}.Debug|x64.ActiveCfg = Debug|x64
		{B14A6FF5-D252-400B-A970-96597BBB16A9}.Debug|x64.Build.0 = Debug|x64
		{B14A6FF5-D252-400B-A970-96597BBB16A9}.Debug|x86.ActiveCfg = Debug|x64
		{B14A6FF5-D252-400B-A970-96597BBB16A9}.Release|Any CPU.ActiveCfg = Release|x64
		{B14A6FF5-D252-400B-A970-96597BBB16A9}.Release|x64.ActiveCfg = Release|x64
		{B14A6FF5-D252-400B-A970-96597BBB16A9}.Release|x64.Build.0 = Release|x64
		{B14A6FF5-D252-400B-A970-96597BBB16A9}.Release|x86.ActiveCfg = Release|x64
		{1DD2A8AE-AB62-4308-B8AC-D7958147F3FB}.Debug|Any CPU.ActiveCfg = Debug|Any CPU
		{1DD2A8AE-AB62-4308-B8AC-D7958147F3FB}.Debug|Any CPU.Build.0 = Debug|Any CPU
		{1DD2A8AE-AB62-4308-B8AC-D7958147F3FB}.Debug|x64.ActiveCfg = Debug|Any CPU
		{1DD2A8AE-AB62-4308-B8AC-D7958147F3FB}.Debug|x64.Build.0 = Debug|Any CPU
		{1DD2A8AE-AB62-4308-B8AC-D7958147F3FB}.Debug|x86.ActiveCfg = Debug|Any CPU
		{1DD2A8AE-AB62-4308-B8AC-D7958147F3FB}.Debug|x86.Build.0 = Debug|Any CPU
		{1DD2A8AE-AB62-4308-B8AC-D7958147F3FB}.Release|Any CPU.ActiveCfg = Release|Any CPU
		{1DD2A8AE-AB62-4308-B8AC-D7958147F3FB}.Release|Any CPU.Build.0 = Release|Any CPU
		{1DD2A8AE-AB62-4308-B8AC-D7958147F3FB}.Release|x64.ActiveCfg = Release|Any CPU
		{1DD2A8AE-AB62-4308-B8AC-D7958147F3FB}.Release|x64.Build.0 = Release|Any CPU
		{1DD2A8AE-AB62-4308-B8AC-D7958147F3FB}.Release|x86.ActiveCfg = Release|Any CPU
		{1DD2A8AE-AB62-4308-B8AC-D7958147F3FB}.Release|x86.Build.0 = Release|Any CPU
	EndGlobalSection
	GlobalSection(SolutionProperties) = preSolution
		HideSolutionNode = FALSE
	EndGlobalSection
	GlobalSection(NestedProjects) = preSolution
		{BF83E16A-8A46-4159-B1F5-A3C396679A96} = {87806174-3460-4457-99C1-963A3D795497}
		{4CD36342-037A-46E1-BC4E-CE42D06ECFBB} = {87806174-3460-4457-99C1-963A3D795497}
		{F11036FC-A4B8-40D5-A09E-4DBC849C59CE} = {87806174-3460-4457-99C1-963A3D795497}
		{B14A6FF5-D252-400B-A970-96597BBB16A9} = {87806174-3460-4457-99C1-963A3D795497}
	EndGlobalSection
	GlobalSection(ExtensibilityGlobals) = postSolution
		SolutionGuid = {64958474-38DF-48E9-AF4B-467E3EC01A98}
	EndGlobalSection
EndGlobal
